// !$*UTF8*$!
{
	archiveVersion = 1;
	classes = {
	};
	objectVersion = 50;
	objects = {

/* Begin PBXBuildFile section */
		1D33355F23329F6C00C4B33A /* AppDelegate.swift in Sources */ = {isa = PBXBuildFile; fileRef = 1D33355E23329F6C00C4B33A /* AppDelegate.swift */; };
		1D33356123329F6C00C4B33A /* ViewController.swift in Sources */ = {isa = PBXBuildFile; fileRef = 1D33356023329F6C00C4B33A /* ViewController.swift */; };
		1D33356423329F6C00C4B33A /* Main.storyboard in Resources */ = {isa = PBXBuildFile; fileRef = 1D33356223329F6C00C4B33A /* Main.storyboard */; };
		1D33356623329F6D00C4B33A /* Assets.xcassets in Resources */ = {isa = PBXBuildFile; fileRef = 1D33356523329F6D00C4B33A /* Assets.xcassets */; };
		1D33356923329F6D00C4B33A /* LaunchScreen.storyboard in Resources */ = {isa = PBXBuildFile; fileRef = 1D33356723329F6D00C4B33A /* LaunchScreen.storyboard */; };
		1D33357423329F6E00C4B33A /* podcastFavoritesTests.swift in Sources */ = {isa = PBXBuildFile; fileRef = 1D33357323329F6E00C4B33A /* podcastFavoritesTests.swift */; };
		1D33357F23329F6E00C4B33A /* podcastFavoritesUITests.swift in Sources */ = {isa = PBXBuildFile; fileRef = 1D33357E23329F6E00C4B33A /* podcastFavoritesUITests.swift */; };
		1D3335912332ADEB00C4B33A /* AppErrors.swift in Sources */ = {isa = PBXBuildFile; fileRef = 1D3335902332ADEB00C4B33A /* AppErrors.swift */; };
		1D3335932332AE4300C4B33A /* NetworkHelper.swift in Sources */ = {isa = PBXBuildFile; fileRef = 1D3335922332AE4300C4B33A /* NetworkHelper.swift */; };
/* End PBXBuildFile section */

/* Begin PBXContainerItemProxy section */
		1D33357023329F6E00C4B33A /* PBXContainerItemProxy */ = {
			isa = PBXContainerItemProxy;
			containerPortal = 1D33355323329F6C00C4B33A /* Project object */;
			proxyType = 1;
			remoteGlobalIDString = 1D33355A23329F6C00C4B33A;
			remoteInfo = podcastFavorites;
		};
		1D33357B23329F6E00C4B33A /* PBXContainerItemProxy */ = {
			isa = PBXContainerItemProxy;
			containerPortal = 1D33355323329F6C00C4B33A /* Project object */;
			proxyType = 1;
			remoteGlobalIDString = 1D33355A23329F6C00C4B33A;
			remoteInfo = podcastFavorites;
		};
/* End PBXContainerItemProxy section */

/* Begin PBXFileReference section */
		1D33355B23329F6C00C4B33A /* podcastFavorites.app */ = {isa = PBXFileReference; explicitFileType = wrapper.application; includeInIndex = 0; path = podcastFavorites.app; sourceTree = BUILT_PRODUCTS_DIR; };
		1D33355E23329F6C00C4B33A /* AppDelegate.swift */ = {isa = PBXFileReference; lastKnownFileType = sourcecode.swift; path = AppDelegate.swift; sourceTree = "<group>"; };
		1D33356023329F6C00C4B33A /* ViewController.swift */ = {isa = PBXFileReference; lastKnownFileType = sourcecode.swift; path = ViewController.swift; sourceTree = "<group>"; };
		1D33356323329F6C00C4B33A /* Base */ = {isa = PBXFileReference; lastKnownFileType = file.storyboard; name = Base; path = Base.lproj/Main.storyboard; sourceTree = "<group>"; };
		1D33356523329F6D00C4B33A /* Assets.xcassets */ = {isa = PBXFileReference; lastKnownFileType = folder.assetcatalog; path = Assets.xcassets; sourceTree = "<group>"; };
		1D33356823329F6D00C4B33A /* Base */ = {isa = PBXFileReference; lastKnownFileType = file.storyboard; name = Base; path = Base.lproj/LaunchScreen.storyboard; sourceTree = "<group>"; };
		1D33356A23329F6D00C4B33A /* Info.plist */ = {isa = PBXFileReference; lastKnownFileType = text.plist.xml; path = Info.plist; sourceTree = "<group>"; };
		1D33356F23329F6E00C4B33A /* podcastFavoritesTests.xctest */ = {isa = PBXFileReference; explicitFileType = wrapper.cfbundle; includeInIndex = 0; path = podcastFavoritesTests.xctest; sourceTree = BUILT_PRODUCTS_DIR; };
		1D33357323329F6E00C4B33A /* podcastFavoritesTests.swift */ = {isa = PBXFileReference; lastKnownFileType = sourcecode.swift; path = podcastFavoritesTests.swift; sourceTree = "<group>"; };
		1D33357523329F6E00C4B33A /* Info.plist */ = {isa = PBXFileReference; lastKnownFileType = text.plist.xml; path = Info.plist; sourceTree = "<group>"; };
		1D33357A23329F6E00C4B33A /* podcastFavoritesUITests.xctest */ = {isa = PBXFileReference; explicitFileType = wrapper.cfbundle; includeInIndex = 0; path = podcastFavoritesUITests.xctest; sourceTree = BUILT_PRODUCTS_DIR; };
		1D33357E23329F6E00C4B33A /* podcastFavoritesUITests.swift */ = {isa = PBXFileReference; lastKnownFileType = sourcecode.swift; path = podcastFavoritesUITests.swift; sourceTree = "<group>"; };
		1D33358023329F6E00C4B33A /* Info.plist */ = {isa = PBXFileReference; lastKnownFileType = text.plist.xml; path = Info.plist; sourceTree = "<group>"; };
		1D3335902332ADEB00C4B33A /* AppErrors.swift */ = {isa = PBXFileReference; lastKnownFileType = sourcecode.swift; path = AppErrors.swift; sourceTree = "<group>"; };
		1D3335922332AE4300C4B33A /* NetworkHelper.swift */ = {isa = PBXFileReference; lastKnownFileType = sourcecode.swift; path = NetworkHelper.swift; sourceTree = "<group>"; };
/* End PBXFileReference section */

/* Begin PBXFrameworksBuildPhase section */
		1D33355823329F6C00C4B33A /* Frameworks */ = {
			isa = PBXFrameworksBuildPhase;
			buildActionMask = 2147483647;
			files = (
			);
			runOnlyForDeploymentPostprocessing = 0;
		};
		1D33356C23329F6E00C4B33A /* Frameworks */ = {
			isa = PBXFrameworksBuildPhase;
			buildActionMask = 2147483647;
			files = (
			);
			runOnlyForDeploymentPostprocessing = 0;
		};
		1D33357723329F6E00C4B33A /* Frameworks */ = {
			isa = PBXFrameworksBuildPhase;
			buildActionMask = 2147483647;
			files = (
			);
			runOnlyForDeploymentPostprocessing = 0;
		};
/* End PBXFrameworksBuildPhase section */

/* Begin PBXGroup section */
		1D33355223329F6C00C4B33A = {
			isa = PBXGroup;
			children = (
				1D33355D23329F6C00C4B33A /* podcastFavorites */,
				1D33357223329F6E00C4B33A /* podcastFavoritesTests */,
				1D33357D23329F6E00C4B33A /* podcastFavoritesUITests */,
				1D33355C23329F6C00C4B33A /* Products */,
			);
			sourceTree = "<group>";
		};
		1D33355C23329F6C00C4B33A /* Products */ = {
			isa = PBXGroup;
			children = (
				1D33355B23329F6C00C4B33A /* podcastFavorites.app */,
				1D33356F23329F6E00C4B33A /* podcastFavoritesTests.xctest */,
				1D33357A23329F6E00C4B33A /* podcastFavoritesUITests.xctest */,
			);
			name = Products;
			sourceTree = "<group>";
		};
		1D33355D23329F6C00C4B33A /* podcastFavorites */ = {
			isa = PBXGroup;
			children = (
				1D33356A23329F6D00C4B33A /* Info.plist */,
				1D33356223329F6C00C4B33A /* Main.storyboard */,
				1D33358E2332A1A600C4B33A /* Controllers */,
				1D33358D2332A19400C4B33A /* Helpers */,
				1D33358C2332A18C00C4B33A /* Models */,
				1D33358F2332A1B700C4B33A /* Supporting */,
			);
			path = podcastFavorites;
			sourceTree = "<group>";
		};
		1D33357223329F6E00C4B33A /* podcastFavoritesTests */ = {
			isa = PBXGroup;
			children = (
				1D33357323329F6E00C4B33A /* podcastFavoritesTests.swift */,
				1D33357523329F6E00C4B33A /* Info.plist */,
			);
			path = podcastFavoritesTests;
			sourceTree = "<group>";
		};
		1D33357D23329F6E00C4B33A /* podcastFavoritesUITests */ = {
			isa = PBXGroup;
			children = (
				1D33357E23329F6E00C4B33A /* podcastFavoritesUITests.swift */,
				1D33358023329F6E00C4B33A /* Info.plist */,
			);
			path = podcastFavoritesUITests;
			sourceTree = "<group>";
		};
		1D33358C2332A18C00C4B33A /* Models */ = {
			isa = PBXGroup;
			children = (
			);
			path = Models;
			sourceTree = "<group>";
		};
		1D33358D2332A19400C4B33A /* Helpers */ = {
			isa = PBXGroup;
			children = (
				1D3335902332ADEB00C4B33A /* AppErrors.swift */,
				1D3335922332AE4300C4B33A /* NetworkHelper.swift */,
			);
			path = Helpers;
			sourceTree = "<group>";
		};
		1D33358E2332A1A600C4B33A /* Controllers */ = {
			isa = PBXGroup;
			children = (
				1D33356023329F6C00C4B33A /* ViewController.swift */,
			);
			path = Controllers;
			sourceTree = "<group>";
		};
		1D33358F2332A1B700C4B33A /* Supporting */ = {
			isa = PBXGroup;
			children = (
				1D33356523329F6D00C4B33A /* Assets.xcassets */,
				1D33355E23329F6C00C4B33A /* AppDelegate.swift */,
				1D33356723329F6D00C4B33A /* LaunchScreen.storyboard */,
			);
			path = Supporting;
			sourceTree = "<group>";
		};
/* End PBXGroup section */

/* Begin PBXNativeTarget section */
		1D33355A23329F6C00C4B33A /* podcastFavorites */ = {
			isa = PBXNativeTarget;
			buildConfigurationList = 1D33358323329F6E00C4B33A /* Build configuration list for PBXNativeTarget "podcastFavorites" */;
			buildPhases = (
				1D33355723329F6C00C4B33A /* Sources */,
				1D33355823329F6C00C4B33A /* Frameworks */,
				1D33355923329F6C00C4B33A /* Resources */,
			);
			buildRules = (
			);
			dependencies = (
			);
			name = podcastFavorites;
			productName = podcastFavorites;
			productReference = 1D33355B23329F6C00C4B33A /* podcastFavorites.app */;
			productType = "com.apple.product-type.application";
		};
		1D33356E23329F6E00C4B33A /* podcastFavoritesTests */ = {
			isa = PBXNativeTarget;
			buildConfigurationList = 1D33358623329F6E00C4B33A /* Build configuration list for PBXNativeTarget "podcastFavoritesTests" */;
			buildPhases = (
				1D33356B23329F6E00C4B33A /* Sources */,
				1D33356C23329F6E00C4B33A /* Frameworks */,
				1D33356D23329F6E00C4B33A /* Resources */,
			);
			buildRules = (
			);
			dependencies = (
				1D33357123329F6E00C4B33A /* PBXTargetDependency */,
			);
			name = podcastFavoritesTests;
			productName = podcastFavoritesTests;
			productReference = 1D33356F23329F6E00C4B33A /* podcastFavoritesTests.xctest */;
			productType = "com.apple.product-type.bundle.unit-test";
		};
		1D33357923329F6E00C4B33A /* podcastFavoritesUITests */ = {
			isa = PBXNativeTarget;
			buildConfigurationList = 1D33358923329F6E00C4B33A /* Build configuration list for PBXNativeTarget "podcastFavoritesUITests" */;
			buildPhases = (
				1D33357623329F6E00C4B33A /* Sources */,
				1D33357723329F6E00C4B33A /* Frameworks */,
				1D33357823329F6E00C4B33A /* Resources */,
			);
			buildRules = (
			);
			dependencies = (
				1D33357C23329F6E00C4B33A /* PBXTargetDependency */,
			);
			name = podcastFavoritesUITests;
			productName = podcastFavoritesUITests;
			productReference = 1D33357A23329F6E00C4B33A /* podcastFavoritesUITests.xctest */;
			productType = "com.apple.product-type.bundle.ui-testing";
		};
/* End PBXNativeTarget section */

/* Begin PBXProject section */
		1D33355323329F6C00C4B33A /* Project object */ = {
			isa = PBXProject;
			attributes = {
				LastSwiftUpdateCheck = 1030;
				LastUpgradeCheck = 1030;
				ORGANIZATIONNAME = "Radharani Ribas-Valongo";
				TargetAttributes = {
					1D33355A23329F6C00C4B33A = {
						CreatedOnToolsVersion = 10.3;
					};
					1D33356E23329F6E00C4B33A = {
						CreatedOnToolsVersion = 10.3;
						TestTargetID = 1D33355A23329F6C00C4B33A;
					};
					1D33357923329F6E00C4B33A = {
						CreatedOnToolsVersion = 10.3;
						TestTargetID = 1D33355A23329F6C00C4B33A;
					};
				};
			};
			buildConfigurationList = 1D33355623329F6C00C4B33A /* Build configuration list for PBXProject "podcastFavorites" */;
			compatibilityVersion = "Xcode 9.3";
			developmentRegion = en;
			hasScannedForEncodings = 0;
			knownRegions = (
				en,
				Base,
			);
			mainGroup = 1D33355223329F6C00C4B33A;
			productRefGroup = 1D33355C23329F6C00C4B33A /* Products */;
			projectDirPath = "";
			projectRoot = "";
			targets = (
				1D33355A23329F6C00C4B33A /* podcastFavorites */,
				1D33356E23329F6E00C4B33A /* podcastFavoritesTests */,
				1D33357923329F6E00C4B33A /* podcastFavoritesUITests */,
			);
		};
/* End PBXProject section */

/* Begin PBXResourcesBuildPhase section */
		1D33355923329F6C00C4B33A /* Resources */ = {
			isa = PBXResourcesBuildPhase;
			buildActionMask = 2147483647;
			files = (
				1D33356923329F6D00C4B33A /* LaunchScreen.storyboard in Resources */,
				1D33356623329F6D00C4B33A /* Assets.xcassets in Resources */,
				1D33356423329F6C00C4B33A /* Main.storyboard in Resources */,
			);
			runOnlyForDeploymentPostprocessing = 0;
		};
		1D33356D23329F6E00C4B33A /* Resources */ = {
			isa = PBXResourcesBuildPhase;
			buildActionMask = 2147483647;
			files = (
			);
			runOnlyForDeploymentPostprocessing = 0;
		};
		1D33357823329F6E00C4B33A /* Resources */ = {
			isa = PBXResourcesBuildPhase;
			buildActionMask = 2147483647;
			files = (
			);
			runOnlyForDeploymentPostprocessing = 0;
		};
/* End PBXResourcesBuildPhase section */

/* Begin PBXSourcesBuildPhase section */
		1D33355723329F6C00C4B33A /* Sources */ = {
			isa = PBXSourcesBuildPhase;
			buildActionMask = 2147483647;
			files = (
				1D3335932332AE4300C4B33A /* NetworkHelper.swift in Sources */,
				1D3335912332ADEB00C4B33A /* AppErrors.swift in Sources */,
				1D33356123329F6C00C4B33A /* ViewController.swift in Sources */,
				1D33355F23329F6C00C4B33A /* AppDelegate.swift in Sources */,
			);
			runOnlyForDeploymentPostprocessing = 0;
		};
		1D33356B23329F6E00C4B33A /* Sources */ = {
			isa = PBXSourcesBuildPhase;
			buildActionMask = 2147483647;
			files = (
				1D33357423329F6E00C4B33A /* podcastFavoritesTests.swift in Sources */,
			);
			runOnlyForDeploymentPostprocessing = 0;
		};
		1D33357623329F6E00C4B33A /* Sources */ = {
			isa = PBXSourcesBuildPhase;
			buildActionMask = 2147483647;
			files = (
				1D33357F23329F6E00C4B33A /* podcastFavoritesUITests.swift in Sources */,
			);
			runOnlyForDeploymentPostprocessing = 0;
		};
/* End PBXSourcesBuildPhase section */

/* Begin PBXTargetDependency section */
		1D33357123329F6E00C4B33A /* PBXTargetDependency */ = {
			isa = PBXTargetDependency;
			target = 1D33355A23329F6C00C4B33A /* podcastFavorites */;
			targetProxy = 1D33357023329F6E00C4B33A /* PBXContainerItemProxy */;
		};
		1D33357C23329F6E00C4B33A /* PBXTargetDependency */ = {
			isa = PBXTargetDependency;
			target = 1D33355A23329F6C00C4B33A /* podcastFavorites */;
			targetProxy = 1D33357B23329F6E00C4B33A /* PBXContainerItemProxy */;
		};
/* End PBXTargetDependency section */

/* Begin PBXVariantGroup section */
		1D33356223329F6C00C4B33A /* Main.storyboard */ = {
			isa = PBXVariantGroup;
			children = (
				1D33356323329F6C00C4B33A /* Base */,
			);
			name = Main.storyboard;
			sourceTree = "<group>";
		};
		1D33356723329F6D00C4B33A /* LaunchScreen.storyboard */ = {
			isa = PBXVariantGroup;
			children = (
				1D33356823329F6D00C4B33A /* Base */,
			);
			name = LaunchScreen.storyboard;
			sourceTree = "<group>";
		};
/* End PBXVariantGroup section */

/* Begin XCBuildConfiguration section */
		1D33358123329F6E00C4B33A /* Debug */ = {
			isa = XCBuildConfiguration;
			buildSettings = {
				ALWAYS_SEARCH_USER_PATHS = NO;
				CLANG_ANALYZER_NONNULL = YES;
				CLANG_ANALYZER_NUMBER_OBJECT_CONVERSION = YES_AGGRESSIVE;
				CLANG_CXX_LANGUAGE_STANDARD = "gnu++14";
				CLANG_CXX_LIBRARY = "libc++";
				CLANG_ENABLE_MODULES = YES;
				CLANG_ENABLE_OBJC_ARC = YES;
				CLANG_ENABLE_OBJC_WEAK = YES;
				CLANG_WARN_BLOCK_CAPTURE_AUTORELEASING = YES;
				CLANG_WARN_BOOL_CONVERSION = YES;
				CLANG_WARN_COMMA = YES;
				CLANG_WARN_CONSTANT_CONVERSION = YES;
				CLANG_WARN_DEPRECATED_OBJC_IMPLEMENTATIONS = YES;
				CLANG_WARN_DIRECT_OBJC_ISA_USAGE = YES_ERROR;
				CLANG_WARN_DOCUMENTATION_COMMENTS = YES;
				CLANG_WARN_EMPTY_BODY = YES;
				CLANG_WARN_ENUM_CONVERSION = YES;
				CLANG_WARN_INFINITE_RECURSION = YES;
				CLANG_WARN_INT_CONVERSION = YES;
				CLANG_WARN_NON_LITERAL_NULL_CONVERSION = YES;
				CLANG_WARN_OBJC_IMPLICIT_RETAIN_SELF = YES;
				CLANG_WARN_OBJC_LITERAL_CONVERSION = YES;
				CLANG_WARN_OBJC_ROOT_CLASS = YES_ERROR;
				CLANG_WARN_RANGE_LOOP_ANALYSIS = YES;
				CLANG_WARN_STRICT_PROTOTYPES = YES;
				CLANG_WARN_SUSPICIOUS_MOVE = YES;
				CLANG_WARN_UNGUARDED_AVAILABILITY = YES_AGGRESSIVE;
				CLANG_WARN_UNREACHABLE_CODE = YES;
				CLANG_WARN__DUPLICATE_METHOD_MATCH = YES;
				CODE_SIGN_IDENTITY = "iPhone Developer";
				COPY_PHASE_STRIP = NO;
				DEBUG_INFORMATION_FORMAT = dwarf;
				ENABLE_STRICT_OBJC_MSGSEND = YES;
				ENABLE_TESTABILITY = YES;
				GCC_C_LANGUAGE_STANDARD = gnu11;
				GCC_DYNAMIC_NO_PIC = NO;
				GCC_NO_COMMON_BLOCKS = YES;
				GCC_OPTIMIZATION_LEVEL = 0;
				GCC_PREPROCESSOR_DEFINITIONS = (
					"DEBUG=1",
					"$(inherited)",
				);
				GCC_WARN_64_TO_32_BIT_CONVERSION = YES;
				GCC_WARN_ABOUT_RETURN_TYPE = YES_ERROR;
				GCC_WARN_UNDECLARED_SELECTOR = YES;
				GCC_WARN_UNINITIALIZED_AUTOS = YES_AGGRESSIVE;
				GCC_WARN_UNUSED_FUNCTION = YES;
				GCC_WARN_UNUSED_VARIABLE = YES;
				IPHONEOS_DEPLOYMENT_TARGET = 12.4;
				MTL_ENABLE_DEBUG_INFO = INCLUDE_SOURCE;
				MTL_FAST_MATH = YES;
				ONLY_ACTIVE_ARCH = YES;
				SDKROOT = iphoneos;
				SWIFT_ACTIVE_COMPILATION_CONDITIONS = DEBUG;
				SWIFT_OPTIMIZATION_LEVEL = "-Onone";
			};
			name = Debug;
		};
		1D33358223329F6E00C4B33A /* Release */ = {
			isa = XCBuildConfiguration;
			buildSettings = {
				ALWAYS_SEARCH_USER_PATHS = NO;
				CLANG_ANALYZER_NONNULL = YES;
				CLANG_ANALYZER_NUMBER_OBJECT_CONVERSION = YES_AGGRESSIVE;
				CLANG_CXX_LANGUAGE_STANDARD = "gnu++14";
				CLANG_CXX_LIBRARY = "libc++";
				CLANG_ENABLE_MODULES = YES;
				CLANG_ENABLE_OBJC_ARC = YES;
				CLANG_ENABLE_OBJC_WEAK = YES;
				CLANG_WARN_BLOCK_CAPTURE_AUTORELEASING = YES;
				CLANG_WARN_BOOL_CONVERSION = YES;
				CLANG_WARN_COMMA = YES;
				CLANG_WARN_CONSTANT_CONVERSION = YES;
				CLANG_WARN_DEPRECATED_OBJC_IMPLEMENTATIONS = YES;
				CLANG_WARN_DIRECT_OBJC_ISA_USAGE = YES_ERROR;
				CLANG_WARN_DOCUMENTATION_COMMENTS = YES;
				CLANG_WARN_EMPTY_BODY = YES;
				CLANG_WARN_ENUM_CONVERSION = YES;
				CLANG_WARN_INFINITE_RECURSION = YES;
				CLANG_WARN_INT_CONVERSION = YES;
				CLANG_WARN_NON_LITERAL_NULL_CONVERSION = YES;
				CLANG_WARN_OBJC_IMPLICIT_RETAIN_SELF = YES;
				CLANG_WARN_OBJC_LITERAL_CONVERSION = YES;
				CLANG_WARN_OBJC_ROOT_CLASS = YES_ERROR;
				CLANG_WARN_RANGE_LOOP_ANALYSIS = YES;
				CLANG_WARN_STRICT_PROTOTYPES = YES;
				CLANG_WARN_SUSPICIOUS_MOVE = YES;
				CLANG_WARN_UNGUARDED_AVAILABILITY = YES_AGGRESSIVE;
				CLANG_WARN_UNREACHABLE_CODE = YES;
				CLANG_WARN__DUPLICATE_METHOD_MATCH = YES;
				CODE_SIGN_IDENTITY = "iPhone Developer";
				COPY_PHASE_STRIP = NO;
				DEBUG_INFORMATION_FORMAT = "dwarf-with-dsym";
				ENABLE_NS_ASSERTIONS = NO;
				ENABLE_STRICT_OBJC_MSGSEND = YES;
				GCC_C_LANGUAGE_STANDARD = gnu11;
				GCC_NO_COMMON_BLOCKS = YES;
				GCC_WARN_64_TO_32_BIT_CONVERSION = YES;
				GCC_WARN_ABOUT_RETURN_TYPE = YES_ERROR;
				GCC_WARN_UNDECLARED_SELECTOR = YES;
				GCC_WARN_UNINITIALIZED_AUTOS = YES_AGGRESSIVE;
				GCC_WARN_UNUSED_FUNCTION = YES;
				GCC_WARN_UNUSED_VARIABLE = YES;
				IPHONEOS_DEPLOYMENT_TARGET = 12.4;
				MTL_ENABLE_DEBUG_INFO = NO;
				MTL_FAST_MATH = YES;
				SDKROOT = iphoneos;
				SWIFT_COMPILATION_MODE = wholemodule;
				SWIFT_OPTIMIZATION_LEVEL = "-O";
				VALIDATE_PRODUCT = YES;
			};
			name = Release;
		};
		1D33358423329F6E00C4B33A /* Debug */ = {
			isa = XCBuildConfiguration;
			buildSettings = {
				ASSETCATALOG_COMPILER_APPICON_NAME = AppIcon;
				CODE_SIGN_STYLE = Automatic;
				INFOPLIST_FILE = podcastFavorites/Info.plist;
				LD_RUNPATH_SEARCH_PATHS = (
					"$(inherited)",
					"@executable_path/Frameworks",
				);
				PRODUCT_BUNDLE_IDENTIFIER = v1.podcastFavorites;
				PRODUCT_NAME = "$(TARGET_NAME)";
				SWIFT_VERSION = 5.0;
				TARGETED_DEVICE_FAMILY = "1,2";
			};
			name = Debug;
		};
		1D33358523329F6E00C4B33A /* Release */ = {
			isa = XCBuildConfiguration;
			buildSettings = {
				ASSETCATALOG_COMPILER_APPICON_NAME = AppIcon;
				CODE_SIGN_STYLE = Automatic;
				INFOPLIST_FILE = podcastFavorites/Info.plist;
				LD_RUNPATH_SEARCH_PATHS = (
					"$(inherited)",
					"@executable_path/Frameworks",
				);
				PRODUCT_BUNDLE_IDENTIFIER = v1.podcastFavorites;
				PRODUCT_NAME = "$(TARGET_NAME)";
				SWIFT_VERSION = 5.0;
				TARGETED_DEVICE_FAMILY = "1,2";
			};
			name = Release;
		};
		1D33358723329F6E00C4B33A /* Debug */ = {
			isa = XCBuildConfiguration;
			buildSettings = {
				ALWAYS_EMBED_SWIFT_STANDARD_LIBRARIES = YES;
				BUNDLE_LOADER = "$(TEST_HOST)";
				CODE_SIGN_STYLE = Automatic;
				INFOPLIST_FILE = podcastFavoritesTests/Info.plist;
				LD_RUNPATH_SEARCH_PATHS = (
					"$(inherited)",
					"@executable_path/Frameworks",
					"@loader_path/Frameworks",
				);
				PRODUCT_BUNDLE_IDENTIFIER = v1.podcastFavoritesTests;
				PRODUCT_NAME = "$(TARGET_NAME)";
				SWIFT_VERSION = 5.0;
				TARGETED_DEVICE_FAMILY = "1,2";
				TEST_HOST = "$(BUILT_PRODUCTS_DIR)/podcastFavorites.app/podcastFavorites";
			};
			name = Debug;
		};
		1D33358823329F6E00C4B33A /* Release */ = {
			isa = XCBuildConfiguration;
			buildSettings = {
				ALWAYS_EMBED_SWIFT_STANDARD_LIBRARIES = YES;
				BUNDLE_LOADER = "$(TEST_HOST)";
				CODE_SIGN_STYLE = Automatic;
				INFOPLIST_FILE = podcastFavoritesTests/Info.plist;
				LD_RUNPATH_SEARCH_PATHS = (
					"$(inherited)",
					"@executable_path/Frameworks",
					"@loader_path/Frameworks",
				);
				PRODUCT_BUNDLE_IDENTIFIER = v1.podcastFavoritesTests;
				PRODUCT_NAME = "$(TARGET_NAME)";
				SWIFT_VERSION = 5.0;
				TARGETED_DEVICE_FAMILY = "1,2";
				TEST_HOST = "$(BUILT_PRODUCTS_DIR)/podcastFavorites.app/podcastFavorites";
			};
			name = Release;
		};
		1D33358A23329F6E00C4B33A /* Debug */ = {
			isa = XCBuildConfiguration;
			buildSettings = {
				ALWAYS_EMBED_SWIFT_STANDARD_LIBRARIES = YES;
				CODE_SIGN_STYLE = Automatic;
				INFOPLIST_FILE = podcastFavoritesUITests/Info.plist;
				LD_RUNPATH_SEARCH_PATHS = (
					"$(inherited)",
					"@executable_path/Frameworks",
					"@loader_path/Frameworks",
				);
				PRODUCT_BUNDLE_IDENTIFIER = v1.podcastFavoritesUITests;
				PRODUCT_NAME = "$(TARGET_NAME)";
				SWIFT_VERSION = 5.0;
				TARGETED_DEVICE_FAMILY = "1,2";
				TEST_TARGET_NAME = podcastFavorites;
			};
			name = Debug;
		};
		1D33358B23329F6E00C4B33A /* Release */ = {
			isa = XCBuildConfiguration;
			buildSettings = {
				ALWAYS_EMBED_SWIFT_STANDARD_LIBRARIES = YES;
				CODE_SIGN_STYLE = Automatic;
				INFOPLIST_FILE = podcastFavoritesUITests/Info.plist;
				LD_RUNPATH_SEARCH_PATHS = (
					"$(inherited)",
					"@executable_path/Frameworks",
					"@loader_path/Frameworks",
				);
				PRODUCT_BUNDLE_IDENTIFIER = v1.podcastFavoritesUITests;
				PRODUCT_NAME = "$(TARGET_NAME)";
				SWIFT_VERSION = 5.0;
				TARGETED_DEVICE_FAMILY = "1,2";
				TEST_TARGET_NAME = podcastFavorites;
			};
			name = Release;
		};
/* End XCBuildConfiguration section */

/* Begin XCConfigurationList section */
		1D33355623329F6C00C4B33A /* Build configuration list for PBXProject "podcastFavorites" */ = {
			isa = XCConfigurationList;
			buildConfigurations = (
				1D33358123329F6E00C4B33A /* Debug */,
				1D33358223329F6E00C4B33A /* Release */,
			);
			defaultConfigurationIsVisible = 0;
			defaultConfigurationName = Release;
		};
		1D33358323329F6E00C4B33A /* Build configuration list for PBXNativeTarget "podcastFavorites" */ = {
			isa = XCConfigurationList;
			buildConfigurations = (
				1D33358423329F6E00C4B33A /* Debug */,
				1D33358523329F6E00C4B33A /* Release */,
			);
			defaultConfigurationIsVisible = 0;
			defaultConfigurationName = Release;
		};
		1D33358623329F6E00C4B33A /* Build configuration list for PBXNativeTarget "podcastFavoritesTests" */ = {
			isa = XCConfigurationList;
			buildConfigurations = (
				1D33358723329F6E00C4B33A /* Debug */,
				1D33358823329F6E00C4B33A /* Release */,
			);
			defaultConfigurationIsVisible = 0;
			defaultConfigurationName = Release;
		};
		1D33358923329F6E00C4B33A /* Build configuration list for PBXNativeTarget "podcastFavoritesUITests" */ = {
			isa = XCConfigurationList;
			buildConfigurations = (
				1D33358A23329F6E00C4B33A /* Debug */,
				1D33358B23329F6E00C4B33A /* Release */,
			);
			defaultConfigurationIsVisible = 0;
			defaultConfigurationName = Release;
		};
/* End XCConfigurationList section */
	};
	rootObject = 1D33355323329F6C00C4B33A /* Project object */;
}
